
Microsoft Visual Studio Solution File, Format Version 12.00
# Visual Studio Version 16
VisualStudioVersion = 16.0.31613.86
MinimumVisualStudioVersion = 10.0.40219.1
Project("{2150E333-8FDC-42A3-9474-1A3956D46DE8}") = "src", "src", "{EC4CEB35-91B7-4531-BD8F-A8AC2F60A781}"
EndProject
Project("{2150E333-8FDC-42A3-9474-1A3956D46DE8}") = "Building Blocks", "Building Blocks", "{6ADFFA96-2C8F-4335-B196-42759B50CF6A}"
EndProject
Project("{2150E333-8FDC-42A3-9474-1A3956D46DE8}") = "Services", "Services", "{E2F8DD5B-6D13-4460-9B7B-692F58EEABB2}"
EndProject
Project("{2150E333-8FDC-42A3-9474-1A3956D46DE8}") = "Core", "Core", "{ACC4FAAE-74DA-4635-9D13-FBDB0DAC75E9}"
EndProject
Project("{2150E333-8FDC-42A3-9474-1A3956D46DE8}") = "Order", "Order", "{5DC82FF7-630D-4528-B230-3F37986AD2D0}"
EndProject
Project("{9A19103F-16F7-4668-BE54-9A1E7A4F7556}") = "MOP.Core", "src\building blocks\MOP.Core\MOP.Core.csproj", "{E429AF34-84EE-45DF-8578-55F531AC344E}"
EndProject
Project("{9A19103F-16F7-4668-BE54-9A1E7A4F7556}") = "MOP.Order.Domain", "src\services\MOP.Order.Domain\MOP.Order.Domain.csproj", "{8182DA44-4AAC-4CFC-947B-61634BA0FDF5}"
EndProject
Project("{9A19103F-16F7-4668-BE54-9A1E7A4F7556}") = "MOP.Order.Infrastructure", "src\services\MOP.Order.Infrastructure\MOP.Order.Infrastructure.csproj", "{D12628A8-B2DA-463F-A27E-B7C800412780}"
EndProject
Project("{9A19103F-16F7-4668-BE54-9A1E7A4F7556}") = "MOP.Order.API", "src\services\MOP.Order.API\MOP.Order.API.csproj", "{D237A5C9-1E7A-47B6-9381-F107D9F048D2}"
EndProject
Project("{2150E333-8FDC-42A3-9474-1A3956D46DE8}") = "Notification", "Notification", "{EC014216-665D-41ED-B9A2-A576D3F20064}"
EndProject
Project("{9A19103F-16F7-4668-BE54-9A1E7A4F7556}") = "MOP.Notification.Worker", "src\services\MOP.Notification.Worker\MOP.Notification.Worker.csproj", "{D52E2D62-4CEA-49C0-B565-16FC795E28C7}"
EndProject
Project("{2150E333-8FDC-42A3-9474-1A3956D46DE8}") = "MessageBus", "MessageBus", "{FF20A7C9-3820-4B24-8E3E-0310F038F0C5}"
EndProject
Project("{9A19103F-16F7-4668-BE54-9A1E7A4F7556}") = "MOP.MessageBus", "src\building blocks\MOP.MessageBus\MOP.MessageBus.csproj", "{E8C52DC2-0561-488F-8B7E-984EC99F3FF4}"
EndProject
Project("{FAE04EC0-301F-11D3-BF4B-00C04F79EFBC}") = "MOP.IntegrationEventLog", "src\building blocks\MOP.IntegrationEventLog\MOP.IntegrationEventLog.csproj", "{DE234A5D-807F-4F4F-9316-7D2E5E9778B8}"
EndProject
Global
	GlobalSection(SolutionConfigurationPlatforms) = preSolution
		Debug|Any CPU = Debug|Any CPU
		Release|Any CPU = Release|Any CPU
	EndGlobalSection
	GlobalSection(ProjectConfigurationPlatforms) = postSolution
		{E429AF34-84EE-45DF-8578-55F531AC344E}.Debug|Any CPU.ActiveCfg = Debug|Any CPU
		{E429AF34-84EE-45DF-8578-55F531AC344E}.Debug|Any CPU.Build.0 = Debug|Any CPU
		{E429AF34-84EE-45DF-8578-55F531AC344E}.Release|Any CPU.ActiveCfg = Release|Any CPU
		{E429AF34-84EE-45DF-8578-55F531AC344E}.Release|Any CPU.Build.0 = Release|Any CPU
		{8182DA44-4AAC-4CFC-947B-61634BA0FDF5}.Debug|Any CPU.ActiveCfg = Debug|Any CPU
		{8182DA44-4AAC-4CFC-947B-61634BA0FDF5}.Debug|Any CPU.Build.0 = Debug|Any CPU
		{8182DA44-4AAC-4CFC-947B-61634BA0FDF5}.Release|Any CPU.ActiveCfg = Release|Any CPU
		{8182DA44-4AAC-4CFC-947B-61634BA0FDF5}.Release|Any CPU.Build.0 = Release|Any CPU
		{D12628A8-B2DA-463F-A27E-B7C800412780}.Debug|Any CPU.ActiveCfg = Debug|Any CPU
		{D12628A8-B2DA-463F-A27E-B7C800412780}.Debug|Any CPU.Build.0 = Debug|Any CPU
		{D12628A8-B2DA-463F-A27E-B7C800412780}.Release|Any CPU.ActiveCfg = Release|Any CPU
		{D12628A8-B2DA-463F-A27E-B7C800412780}.Release|Any CPU.Build.0 = Release|Any CPU
		{D237A5C9-1E7A-47B6-9381-F107D9F048D2}.Debug|Any CPU.ActiveCfg = Debug|Any CPU
		{D237A5C9-1E7A-47B6-9381-F107D9F048D2}.Debug|Any CPU.Build.0 = Debug|Any CPU
		{D237A5C9-1E7A-47B6-9381-F107D9F048D2}.Release|Any CPU.ActiveCfg = Release|Any CPU
		{D237A5C9-1E7A-47B6-9381-F107D9F048D2}.Release|Any CPU.Build.0 = Release|Any CPU
		{D52E2D62-4CEA-49C0-B565-16FC795E28C7}.Debug|Any CPU.ActiveCfg = Debug|Any CPU
		{D52E2D62-4CEA-49C0-B565-16FC795E28C7}.Debug|Any CPU.Build.0 = Debug|Any CPU
		{D52E2D62-4CEA-49C0-B565-16FC795E28C7}.Release|Any CPU.ActiveCfg = Release|Any CPU
		{D52E2D62-4CEA-49C0-B565-16FC795E28C7}.Release|Any CPU.Build.0 = Release|Any CPU
		{E8C52DC2-0561-488F-8B7E-984EC99F3FF4}.Debug|Any CPU.ActiveCfg = Debug|Any CPU
		{E8C52DC2-0561-488F-8B7E-984EC99F3FF4}.Debug|Any CPU.Build.0 = Debug|Any CPU
		{E8C52DC2-0561-488F-8B7E-984EC99F3FF4}.Release|Any CPU.ActiveCfg = Release|Any CPU
		{E8C52DC2-0561-488F-8B7E-984EC99F3FF4}.Release|Any CPU.Build.0 = Release|Any CPU
		{DE234A5D-807F-4F4F-9316-7D2E5E9778B8}.Debug|Any CPU.ActiveCfg = Debug|Any CPU
		{DE234A5D-807F-4F4F-9316-7D2E5E9778B8}.Debug|Any CPU.Build.0 = Debug|Any CPU
		{DE234A5D-807F-4F4F-9316-7D2E5E9778B8}.Release|Any CPU.ActiveCfg = Release|Any CPU
		{DE234A5D-807F-4F4F-9316-7D2E5E9778B8}.Release|Any CPU.Build.0 = Release|Any CPU
	EndGlobalSection
	GlobalSection(SolutionProperties) = preSolution
		HideSolutionNode = FALSE
	EndGlobalSection
	GlobalSection(NestedProjects) = preSolution
		{6ADFFA96-2C8F-4335-B196-42759B50CF6A} = {EC4CEB35-91B7-4531-BD8F-A8AC2F60A781}
		{E2F8DD5B-6D13-4460-9B7B-692F58EEABB2} = {EC4CEB35-91B7-4531-BD8F-A8AC2F60A781}
		{ACC4FAAE-74DA-4635-9D13-FBDB0DAC75E9} = {6ADFFA96-2C8F-4335-B196-42759B50CF6A}
		{5DC82FF7-630D-4528-B230-3F37986AD2D0} = {E2F8DD5B-6D13-4460-9B7B-692F58EEABB2}
		{E429AF34-84EE-45DF-8578-55F531AC344E} = {ACC4FAAE-74DA-4635-9D13-FBDB0DAC75E9}
		{8182DA44-4AAC-4CFC-947B-61634BA0FDF5} = {5DC82FF7-630D-4528-B230-3F37986AD2D0}
		{D12628A8-B2DA-463F-A27E-B7C800412780} = {5DC82FF7-630D-4528-B230-3F37986AD2D0}
		{D237A5C9-1E7A-47B6-9381-F107D9F048D2} = {5DC82FF7-630D-4528-B230-3F37986AD2D0}
		{EC014216-665D-41ED-B9A2-A576D3F20064} = {E2F8DD5B-6D13-4460-9B7B-692F58EEABB2}
		{D52E2D62-4CEA-49C0-B565-16FC795E28C7} = {EC014216-665D-41ED-B9A2-A576D3F20064}
		{FF20A7C9-3820-4B24-8E3E-0310F038F0C5} = {6ADFFA96-2C8F-4335-B196-42759B50CF6A}
		{E8C52DC2-0561-488F-8B7E-984EC99F3FF4} = {FF20A7C9-3820-4B24-8E3E-0310F038F0C5}
		{DE234A5D-807F-4F4F-9316-7D2E5E9778B8} = {FF20A7C9-3820-4B24-8E3E-0310F038F0C5}
	EndGlobalSection
	GlobalSection(ExtensibilityGlobals) = postSolution
		SolutionGuid = {A4A8E003-5408-4384-B35E-4139414C5AEF}
	EndGlobalSection
EndGlobal
